
Microsoft Visual Studio Solution File, Format Version 12.00
# Visual Studio Version 17
VisualStudioVersion = 17.8.34511.84
MinimumVisualStudioVersion = 10.0.40219.1
Project("{FAE04EC0-301F-11D3-BF4B-00C04F79EFBC}") = "Utils", "Utils\Utils.csproj", "{0C3B79BE-F862-4BF0-BC98-94FC804D7D1C}"
EndProject
Project("{FAE04EC0-301F-11D3-BF4B-00C04F79EFBC}") = "Utils.Test", "Utils.Test\Utils.Test.csproj", "{C665AD52-12C1-4CFD-BE35-A99C367624DD}"
EndProject
Global
	GlobalSection(SolutionConfigurationPlatforms) = preSolution
		Debug|Any CPU = Debug|Any CPU
		Release|Any CPU = Release|Any CPU
	EndGlobalSection
	GlobalSection(ProjectConfigurationPlatforms) = postSolution
		{0C3B79BE-F862-4BF0-BC98-94FC804D7D1C}.Debug|Any CPU.ActiveCfg = Debug|Any CPU
		{0C3B79BE-F862-4BF0-BC98-94FC804D7D1C}.Debug|Any CPU.Build.0 = Debug|Any CPU
		{0C3B79BE-F862-4BF0-BC98-94FC804D7D1C}.Release|Any CPU.ActiveCfg = Release|Any CPU
		{0C3B79BE-F862-4BF0-BC98-94FC804D7D1C}.Release|Any CPU.Build.0 = Release|Any CPU
		{C665AD52-12C1-4CFD-BE35-A99C367624DD}.Debug|Any CPU.ActiveCfg = Debug|Any CPU
		{C665AD52-12C1-4CFD-BE35-A99C367624DD}.Debug|Any CPU.Build.0 = Debug|Any CPU
		{C665AD52-12C1-4CFD-BE35-A99C367624DD}.Release|Any CPU.ActiveCfg = Release|Any CPU
		{C665AD52-12C1-4CFD-BE35-A99C367624DD}.Release|Any CPU.Build.0 = Release|Any CPU
	EndGlobalSection
	GlobalSection(SolutionProperties) = preSolution
		HideSolutionNode = FALSE
	EndGlobalSection
	GlobalSection(ExtensibilityGlobals) = postSolution
		SolutionGuid = {A7E425F2-3B3A-4377-AA86-6603EB96974B}
	EndGlobalSection
EndGlobal
